<?xml version="1.0" encoding="UTF-8"?>
<!DOCTYPE plist PUBLIC "-//Apple//DTD PLIST 1.0//EN" "http://www.apple.com/DTDs/PropertyList-1.0.dtd">
<plist version="1.0">
<dict>
	<key>archiveVersion</key>
	<string>1</string>
	<key>classes</key>
	<dict/>
	<key>objectVersion</key>
	<string>46</string>
	<key>objects</key>
	<dict>
		<key>4AA06F89B01E4BAA88AFFDBD</key>
		<dict>
			<key>buildActionMask</key>
			<string>2147483647</string>
			<key>files</key>
			<array/>
			<key>inputPaths</key>
			<array/>
			<key>isa</key>
			<string>PBXShellScriptBuildPhase</string>
			<key>name</key>
			<string>Check Pods Manifest.lock</string>
			<key>outputPaths</key>
			<array/>
			<key>runOnlyForDeploymentPostprocessing</key>
			<string>0</string>
			<key>shellPath</key>
			<string>/bin/sh</string>
			<key>shellScript</key>
			<string>diff "${PODS_ROOT}/../Podfile.lock" "${PODS_ROOT}/Manifest.lock" &gt; /dev/null
if [[ $? != 0 ]] ; then
    cat &lt;&lt; EOM
error: The sandbox is not in sync with the Podfile.lock. Run 'pod install' or update your CocoaPods installation.
EOM
    exit 1
fi
</string>
			<key>showEnvVarsInLog</key>
			<string>0</string>
		</dict>
		<key>5FCD3509BEC34CB09D609B38</key>
		<dict>
			<key>includeInIndex</key>
			<string>1</string>
			<key>isa</key>
			<string>PBXFileReference</string>
			<key>lastKnownFileType</key>
			<string>text.xcconfig</string>
			<key>name</key>
			<string>Pods.xcconfig</string>
			<key>path</key>
			<string>Pods/Pods.xcconfig</string>
			<key>sourceTree</key>
			<string>&lt;group&gt;</string>
		</dict>
		<key>8C33514A37CE4B5CB8749652</key>
		<dict>
			<key>explicitFileType</key>
			<string>archive.ar</string>
			<key>includeInIndex</key>
			<string>0</string>
			<key>isa</key>
			<string>PBXFileReference</string>
			<key>path</key>
			<string>libPods.a</string>
			<key>sourceTree</key>
			<string>BUILT_PRODUCTS_DIR</string>
		</dict>
		<key>8E4449071929B38A001F449D</key>
		<dict>
			<key>children</key>
			<array>
				<string>8E4449481929B45D001F449D</string>
				<string>8E4449191929B38A001F449D</string>
				<string>8E4449381929B38A001F449D</string>
				<string>8E4449121929B38A001F449D</string>
				<string>8E4449111929B38A001F449D</string>
				<string>5FCD3509BEC34CB09D609B38</string>
			</array>
			<key>isa</key>
			<string>PBXGroup</string>
			<key>sourceTree</key>
			<string>&lt;group&gt;</string>
		</dict>
		<key>8E4449081929B38A001F449D</key>
		<dict>
			<key>attributes</key>
			<dict>
				<key>CLASSPREFIX</key>
				<string>MH</string>
				<key>LastUpgradeCheck</key>
				<string>0510</string>
				<key>ORGANIZATIONNAME</key>
				<string>lvjg</string>
				<key>TargetAttributes</key>
				<dict>
					<key>8E4449301929B38A001F449D</key>
					<dict>
						<key>TestTargetID</key>
						<string>8E44490F1929B38A001F449D</string>
					</dict>
				</dict>
			</dict>
			<key>buildConfigurationList</key>
			<string>8E44490B1929B38A001F449D</string>
			<key>compatibilityVersion</key>
			<string>Xcode 3.2</string>
			<key>developmentRegion</key>
			<string>English</string>
			<key>hasScannedForEncodings</key>
			<string>0</string>
			<key>isa</key>
			<string>PBXProject</string>
			<key>knownRegions</key>
			<array>
				<string>en</string>
				<string>Base</string>
			</array>
			<key>mainGroup</key>
			<string>8E4449071929B38A001F449D</string>
			<key>productRefGroup</key>
			<string>8E4449111929B38A001F449D</string>
			<key>projectDirPath</key>
			<string></string>
			<key>projectReferences</key>
			<array/>
			<key>projectRoot</key>
			<string></string>
			<key>targets</key>
			<array>
				<string>8E44490F1929B38A001F449D</string>
				<string>8E4449301929B38A001F449D</string>
			</array>
		</dict>
		<key>8E44490B1929B38A001F449D</key>
		<dict>
			<key>buildConfigurations</key>
			<array>
				<string>8E4449401929B38A001F449D</string>
				<string>8E4449411929B38A001F449D</string>
			</array>
			<key>defaultConfigurationIsVisible</key>
			<string>0</string>
			<key>defaultConfigurationName</key>
			<string>Release</string>
			<key>isa</key>
			<string>XCConfigurationList</string>
		</dict>
		<key>8E44490C1929B38A001F449D</key>
		<dict>
			<key>buildActionMask</key>
			<string>2147483647</string>
			<key>files</key>
			<array>
				<string>8E4449501929B45D001F449D</string>
				<string>8E44495B1929B4F1001F449D</string>
				<string>8E44495A1929B4F1001F449D</string>
				<string>8E44495E1929BC5D001F449D</string>
				<string>8E4449201929B38A001F449D</string>
				<string>8E44492A1929B38A001F449D</string>
				<string>8E44494F1929B45D001F449D</string>
				<string>8E4449591929B4F1001F449D</string>
				<string>8E4449241929B38A001F449D</string>
				<string>8E4449511929B45D001F449D</string>
			</array>
			<key>isa</key>
			<string>PBXSourcesBuildPhase</string>
			<key>runOnlyForDeploymentPostprocessing</key>
			<string>0</string>
		</dict>
		<key>8E44490D1929B38A001F449D</key>
		<dict>
			<key>buildActionMask</key>
			<string>2147483647</string>
			<key>files</key>
			<array>
				<string>8E4449161929B38A001F449D</string>
				<string>8E4449181929B38A001F449D</string>
				<string>8E4449141929B38A001F449D</string>
				<string>B9A0C74F31EE4348A9A5652C</string>
			</array>
			<key>isa</key>
			<string>PBXFrameworksBuildPhase</string>
			<key>runOnlyForDeploymentPostprocessing</key>
			<string>0</string>
		</dict>
		<key>8E44490E1929B38A001F449D</key>
		<dict>
			<key>buildActionMask</key>
			<string>2147483647</string>
			<key>files</key>
			<array>
				<string>8E44492C1929B38A001F449D</string>
				<string>8E44491E1929B38A001F449D</string>
				<string>8E4449271929B38A001F449D</string>
			</array>
			<key>isa</key>
			<string>PBXResourcesBuildPhase</string>
			<key>runOnlyForDeploymentPostprocessing</key>
			<string>0</string>
		</dict>
		<key>8E44490F1929B38A001F449D</key>
		<dict>
			<key>buildConfigurationList</key>
			<string>8E4449421929B38A001F449D</string>
			<key>buildPhases</key>
			<array>
				<string>4AA06F89B01E4BAA88AFFDBD</string>
				<string>8E44490C1929B38A001F449D</string>
				<string>8E44490D1929B38A001F449D</string>
				<string>8E44490E1929B38A001F449D</string>
				<string>96D80B2F7AF04540A10EA52C</string>
			</array>
			<key>buildRules</key>
			<array/>
			<key>dependencies</key>
			<array/>
			<key>isa</key>
			<string>PBXNativeTarget</string>
			<key>name</key>
			<string>AFTransformableImageResponseSerializerDemo</string>
			<key>productName</key>
			<string>AFTransformableImageResponseSerializerDemo</string>
			<key>productReference</key>
			<string>8E4449101929B38A001F449D</string>
			<key>productType</key>
			<string>com.apple.product-type.application</string>
		</dict>
		<key>8E4449101929B38A001F449D</key>
		<dict>
			<key>explicitFileType</key>
			<string>wrapper.application</string>
			<key>includeInIndex</key>
			<string>0</string>
			<key>isa</key>
			<string>PBXFileReference</string>
			<key>path</key>
			<string>AFTransformableImageResponseSerializerDemo.app</string>
			<key>sourceTree</key>
			<string>BUILT_PRODUCTS_DIR</string>
		</dict>
		<key>8E4449111929B38A001F449D</key>
		<dict>
			<key>children</key>
			<array>
				<string>8E4449101929B38A001F449D</string>
				<string>8E4449311929B38A001F449D</string>
			</array>
			<key>isa</key>
			<string>PBXGroup</string>
			<key>name</key>
			<string>Products</string>
			<key>sourceTree</key>
			<string>&lt;group&gt;</string>
		</dict>
		<key>8E4449121929B38A001F449D</key>
		<dict>
			<key>children</key>
			<array>
				<string>8E4449131929B38A001F449D</string>
				<string>8E4449151929B38A001F449D</string>
				<string>8E4449171929B38A001F449D</string>
				<string>8E4449321929B38A001F449D</string>
				<string>8C33514A37CE4B5CB8749652</string>
			</array>
			<key>isa</key>
			<string>PBXGroup</string>
			<key>name</key>
			<string>Frameworks</string>
			<key>sourceTree</key>
			<string>&lt;group&gt;</string>
		</dict>
		<key>8E4449131929B38A001F449D</key>
		<dict>
			<key>isa</key>
			<string>PBXFileReference</string>
			<key>lastKnownFileType</key>
			<string>wrapper.framework</string>
			<key>name</key>
			<string>Foundation.framework</string>
			<key>path</key>
			<string>System/Library/Frameworks/Foundation.framework</string>
			<key>sourceTree</key>
			<string>SDKROOT</string>
		</dict>
		<key>8E4449141929B38A001F449D</key>
		<dict>
			<key>fileRef</key>
			<string>8E4449131929B38A001F449D</string>
			<key>isa</key>
			<string>PBXBuildFile</string>
		</dict>
		<key>8E4449151929B38A001F449D</key>
		<dict>
			<key>isa</key>
			<string>PBXFileReference</string>
			<key>lastKnownFileType</key>
			<string>wrapper.framework</string>
			<key>name</key>
			<string>CoreGraphics.framework</string>
			<key>path</key>
			<string>System/Library/Frameworks/CoreGraphics.framework</string>
			<key>sourceTree</key>
			<string>SDKROOT</string>
		</dict>
		<key>8E4449161929B38A001F449D</key>
		<dict>
			<key>fileRef</key>
			<string>8E4449151929B38A001F449D</string>
			<key>isa</key>
			<string>PBXBuildFile</string>
		</dict>
		<key>8E4449171929B38A001F449D</key>
		<dict>
			<key>isa</key>
			<string>PBXFileReference</string>
			<key>lastKnownFileType</key>
			<string>wrapper.framework</string>
			<key>name</key>
			<string>UIKit.framework</string>
			<key>path</key>
			<string>System/Library/Frameworks/UIKit.framework</string>
			<key>sourceTree</key>
			<string>SDKROOT</string>
		</dict>
		<key>8E4449181929B38A001F449D</key>
		<dict>
			<key>fileRef</key>
			<string>8E4449171929B38A001F449D</string>
			<key>isa</key>
			<string>PBXBuildFile</string>
		</dict>
		<key>8E4449191929B38A001F449D</key>
		<dict>
			<key>children</key>
			<array>
				<string>8E4449521929B4F1001F449D</string>
				<string>8E4449221929B38A001F449D</string>
				<string>8E4449231929B38A001F449D</string>
				<string>8E4449251929B38A001F449D</string>
				<string>8E4449281929B38A001F449D</string>
				<string>8E4449291929B38A001F449D</string>
				<string>8E44495C1929BC5D001F449D</string>
				<string>8E44495D1929BC5D001F449D</string>
				<string>8E44492B1929B38A001F449D</string>
				<string>8E44491A1929B38A001F449D</string>
			</array>
			<key>isa</key>
			<string>PBXGroup</string>
			<key>path</key>
			<string>AFTransformableImageResponseSerializerDemo</string>
			<key>sourceTree</key>
			<string>&lt;group&gt;</string>
		</dict>
		<key>8E44491A1929B38A001F449D</key>
		<dict>
			<key>children</key>
			<array>
				<string>8E44491B1929B38A001F449D</string>
				<string>8E44491C1929B38A001F449D</string>
				<string>8E44491F1929B38A001F449D</string>
				<string>8E4449211929B38A001F449D</string>
			</array>
			<key>isa</key>
			<string>PBXGroup</string>
			<key>name</key>
			<string>Supporting Files</string>
			<key>sourceTree</key>
			<string>&lt;group&gt;</string>
		</dict>
		<key>8E44491B1929B38A001F449D</key>
		<dict>
			<key>isa</key>
			<string>PBXFileReference</string>
			<key>lastKnownFileType</key>
			<string>text.plist.xml</string>
			<key>path</key>
			<string>AFTransformableImageResponseSerializerDemo-Info.plist</string>
			<key>sourceTree</key>
			<string>&lt;group&gt;</string>
		</dict>
		<key>8E44491C1929B38A001F449D</key>
		<dict>
			<key>children</key>
			<array>
				<string>8E44491D1929B38A001F449D</string>
			</array>
			<key>isa</key>
			<string>PBXVariantGroup</string>
			<key>name</key>
			<string>InfoPlist.strings</string>
			<key>sourceTree</key>
			<string>&lt;group&gt;</string>
		</dict>
		<key>8E44491D1929B38A001F449D</key>
		<dict>
			<key>isa</key>
			<string>PBXFileReference</string>
			<key>lastKnownFileType</key>
			<string>text.plist.strings</string>
			<key>name</key>
			<string>en</string>
			<key>path</key>
			<string>en.lproj/InfoPlist.strings</string>
			<key>sourceTree</key>
			<string>&lt;group&gt;</string>
		</dict>
		<key>8E44491E1929B38A001F449D</key>
		<dict>
			<key>fileRef</key>
			<string>8E44491C1929B38A001F449D</string>
			<key>isa</key>
			<string>PBXBuildFile</string>
		</dict>
		<key>8E44491F1929B38A001F449D</key>
		<dict>
			<key>isa</key>
			<string>PBXFileReference</string>
			<key>lastKnownFileType</key>
			<string>sourcecode.c.objc</string>
			<key>path</key>
			<string>main.m</string>
			<key>sourceTree</key>
			<string>&lt;group&gt;</string>
		</dict>
		<key>8E4449201929B38A001F449D</key>
		<dict>
			<key>fileRef</key>
			<string>8E44491F1929B38A001F449D</string>
			<key>isa</key>
			<string>PBXBuildFile</string>
		</dict>
		<key>8E4449211929B38A001F449D</key>
		<dict>
			<key>isa</key>
			<string>PBXFileReference</string>
			<key>lastKnownFileType</key>
			<string>sourcecode.c.h</string>
			<key>path</key>
			<string>AFTransformableImageResponseSerializerDemo-Prefix.pch</string>
			<key>sourceTree</key>
			<string>&lt;group&gt;</string>
		</dict>
		<key>8E4449221929B38A001F449D</key>
		<dict>
			<key>isa</key>
			<string>PBXFileReference</string>
			<key>lastKnownFileType</key>
			<string>sourcecode.c.h</string>
			<key>path</key>
			<string>MHAppDelegate.h</string>
			<key>sourceTree</key>
			<string>&lt;group&gt;</string>
		</dict>
		<key>8E4449231929B38A001F449D</key>
		<dict>
			<key>isa</key>
			<string>PBXFileReference</string>
			<key>lastKnownFileType</key>
			<string>sourcecode.c.objc</string>
			<key>path</key>
			<string>MHAppDelegate.m</string>
			<key>sourceTree</key>
			<string>&lt;group&gt;</string>
		</dict>
		<key>8E4449241929B38A001F449D</key>
		<dict>
			<key>fileRef</key>
			<string>8E4449231929B38A001F449D</string>
			<key>isa</key>
			<string>PBXBuildFile</string>
		</dict>
		<key>8E4449251929B38A001F449D</key>
		<dict>
			<key>children</key>
			<array>
				<string>8E4449261929B38A001F449D</string>
			</array>
			<key>isa</key>
			<string>PBXVariantGroup</string>
			<key>name</key>
			<string>Main.storyboard</string>
			<key>sourceTree</key>
			<string>&lt;group&gt;</string>
		</dict>
		<key>8E4449261929B38A001F449D</key>
		<dict>
			<key>isa</key>
			<string>PBXFileReference</string>
			<key>lastKnownFileType</key>
			<string>file.storyboard</string>
			<key>name</key>
			<string>Base</string>
			<key>path</key>
			<string>Base.lproj/Main.storyboard</string>
			<key>sourceTree</key>
			<string>&lt;group&gt;</string>
		</dict>
		<key>8E4449271929B38A001F449D</key>
		<dict>
			<key>fileRef</key>
			<string>8E4449251929B38A001F449D</string>
			<key>isa</key>
			<string>PBXBuildFile</string>
		</dict>
		<key>8E4449281929B38A001F449D</key>
		<dict>
			<key>isa</key>
			<string>PBXFileReference</string>
			<key>lastKnownFileType</key>
			<string>sourcecode.c.h</string>
			<key>path</key>
			<string>MHViewController.h</string>
			<key>sourceTree</key>
			<string>&lt;group&gt;</string>
		</dict>
		<key>8E4449291929B38A001F449D</key>
		<dict>
			<key>isa</key>
			<string>PBXFileReference</string>
			<key>lastKnownFileType</key>
			<string>sourcecode.c.objc</string>
			<key>path</key>
			<string>MHViewController.m</string>
			<key>sourceTree</key>
			<string>&lt;group&gt;</string>
		</dict>
		<key>8E44492A1929B38A001F449D</key>
		<dict>
			<key>fileRef</key>
			<string>8E4449291929B38A001F449D</string>
			<key>isa</key>
			<string>PBXBuildFile</string>
		</dict>
		<key>8E44492B1929B38A001F449D</key>
		<dict>
			<key>isa</key>
			<string>PBXFileReference</string>
			<key>lastKnownFileType</key>
			<string>folder.assetcatalog</string>
			<key>path</key>
			<string>Images.xcassets</string>
			<key>sourceTree</key>
			<string>&lt;group&gt;</string>
		</dict>
		<key>8E44492C1929B38A001F449D</key>
		<dict>
			<key>fileRef</key>
			<string>8E44492B1929B38A001F449D</string>
			<key>isa</key>
			<string>PBXBuildFile</string>
		</dict>
		<key>8E44492D1929B38A001F449D</key>
		<dict>
			<key>buildActionMask</key>
			<string>2147483647</string>
			<key>files</key>
			<array>
				<string>8E44493F1929B38A001F449D</string>
			</array>
			<key>isa</key>
			<string>PBXSourcesBuildPhase</string>
			<key>runOnlyForDeploymentPostprocessing</key>
			<string>0</string>
		</dict>
		<key>8E44492E1929B38A001F449D</key>
		<dict>
			<key>buildActionMask</key>
			<string>2147483647</string>
			<key>files</key>
			<array>
				<string>8E4449331929B38A001F449D</string>
				<string>8E4449351929B38A001F449D</string>
				<string>8E4449341929B38A001F449D</string>
			</array>
			<key>isa</key>
			<string>PBXFrameworksBuildPhase</string>
			<key>runOnlyForDeploymentPostprocessing</key>
			<string>0</string>
		</dict>
		<key>8E44492F1929B38A001F449D</key>
		<dict>
			<key>buildActionMask</key>
			<string>2147483647</string>
			<key>files</key>
			<array>
				<string>8E44493D1929B38A001F449D</string>
			</array>
			<key>isa</key>
			<string>PBXResourcesBuildPhase</string>
			<key>runOnlyForDeploymentPostprocessing</key>
			<string>0</string>
		</dict>
		<key>8E4449301929B38A001F449D</key>
		<dict>
			<key>buildConfigurationList</key>
			<string>8E4449451929B38A001F449D</string>
			<key>buildPhases</key>
			<array>
				<string>8E44492D1929B38A001F449D</string>
				<string>8E44492E1929B38A001F449D</string>
				<string>8E44492F1929B38A001F449D</string>
			</array>
			<key>buildRules</key>
			<array/>
			<key>dependencies</key>
			<array>
				<string>8E4449371929B38A001F449D</string>
			</array>
			<key>isa</key>
			<string>PBXNativeTarget</string>
			<key>name</key>
			<string>AFTransformableImageResponseSerializerDemoTests</string>
			<key>productName</key>
			<string>AFTransformableImageResponseSerializerDemoTests</string>
			<key>productReference</key>
			<string>8E4449311929B38A001F449D</string>
			<key>productType</key>
			<string>com.apple.product-type.bundle.unit-test</string>
		</dict>
		<key>8E4449311929B38A001F449D</key>
		<dict>
			<key>explicitFileType</key>
			<string>wrapper.cfbundle</string>
			<key>includeInIndex</key>
			<string>0</string>
			<key>isa</key>
			<string>PBXFileReference</string>
			<key>path</key>
			<string>AFTransformableImageResponseSerializerDemoTests.xctest</string>
			<key>sourceTree</key>
			<string>BUILT_PRODUCTS_DIR</string>
		</dict>
		<key>8E4449321929B38A001F449D</key>
		<dict>
			<key>isa</key>
			<string>PBXFileReference</string>
			<key>lastKnownFileType</key>
			<string>wrapper.framework</string>
			<key>name</key>
			<string>XCTest.framework</string>
			<key>path</key>
			<string>Library/Frameworks/XCTest.framework</string>
			<key>sourceTree</key>
			<string>DEVELOPER_DIR</string>
		</dict>
		<key>8E4449331929B38A001F449D</key>
		<dict>
			<key>fileRef</key>
			<string>8E4449321929B38A001F449D</string>
			<key>isa</key>
			<string>PBXBuildFile</string>
		</dict>
		<key>8E4449341929B38A001F449D</key>
		<dict>
			<key>fileRef</key>
			<string>8E4449131929B38A001F449D</string>
			<key>isa</key>
			<string>PBXBuildFile</string>
		</dict>
		<key>8E4449351929B38A001F449D</key>
		<dict>
			<key>fileRef</key>
			<string>8E4449171929B38A001F449D</string>
			<key>isa</key>
			<string>PBXBuildFile</string>
		</dict>
		<key>8E4449361929B38A001F449D</key>
		<dict>
			<key>containerPortal</key>
			<string>8E4449081929B38A001F449D</string>
			<key>isa</key>
			<string>PBXContainerItemProxy</string>
			<key>proxyType</key>
			<string>1</string>
			<key>remoteGlobalIDString</key>
			<string>8E44490F1929B38A001F449D</string>
			<key>remoteInfo</key>
			<string>AFTransformableImageResponseSerializerDemo</string>
		</dict>
		<key>8E4449371929B38A001F449D</key>
		<dict>
			<key>isa</key>
			<string>PBXTargetDependency</string>
			<key>target</key>
			<string>8E44490F1929B38A001F449D</string>
			<key>targetProxy</key>
			<string>8E4449361929B38A001F449D</string>
		</dict>
		<key>8E4449381929B38A001F449D</key>
		<dict>
			<key>children</key>
			<array>
				<string>8E44493E1929B38A001F449D</string>
				<string>8E4449391929B38A001F449D</string>
			</array>
			<key>isa</key>
			<string>PBXGroup</string>
			<key>path</key>
			<string>AFTransformableImageResponseSerializerDemoTests</string>
			<key>sourceTree</key>
			<string>&lt;group&gt;</string>
		</dict>
		<key>8E4449391929B38A001F449D</key>
		<dict>
			<key>children</key>
			<array>
				<string>8E44493A1929B38A001F449D</string>
				<string>8E44493B1929B38A001F449D</string>
			</array>
			<key>isa</key>
			<string>PBXGroup</string>
			<key>name</key>
			<string>Supporting Files</string>
			<key>sourceTree</key>
			<string>&lt;group&gt;</string>
		</dict>
		<key>8E44493A1929B38A001F449D</key>
		<dict>
			<key>isa</key>
			<string>PBXFileReference</string>
			<key>lastKnownFileType</key>
			<string>text.plist.xml</string>
			<key>path</key>
			<string>AFTransformableImageResponseSerializerDemoTests-Info.plist</string>
			<key>sourceTree</key>
			<string>&lt;group&gt;</string>
		</dict>
		<key>8E44493B1929B38A001F449D</key>
		<dict>
			<key>children</key>
			<array>
				<string>8E44493C1929B38A001F449D</string>
			</array>
			<key>isa</key>
			<string>PBXVariantGroup</string>
			<key>name</key>
			<string>InfoPlist.strings</string>
			<key>sourceTree</key>
			<string>&lt;group&gt;</string>
		</dict>
		<key>8E44493C1929B38A001F449D</key>
		<dict>
			<key>isa</key>
			<string>PBXFileReference</string>
			<key>lastKnownFileType</key>
			<string>text.plist.strings</string>
			<key>name</key>
			<string>en</string>
			<key>path</key>
			<string>en.lproj/InfoPlist.strings</string>
			<key>sourceTree</key>
			<string>&lt;group&gt;</string>
		</dict>
		<key>8E44493D1929B38A001F449D</key>
		<dict>
			<key>fileRef</key>
			<string>8E44493B1929B38A001F449D</string>
			<key>isa</key>
			<string>PBXBuildFile</string>
		</dict>
		<key>8E44493E1929B38A001F449D</key>
		<dict>
			<key>isa</key>
			<string>PBXFileReference</string>
			<key>lastKnownFileType</key>
			<string>sourcecode.c.objc</string>
			<key>path</key>
			<string>AFTransformableImageResponseSerializerDemoTests.m</string>
			<key>sourceTree</key>
			<string>&lt;group&gt;</string>
		</dict>
		<key>8E44493F1929B38A001F449D</key>
		<dict>
			<key>fileRef</key>
			<string>8E44493E1929B38A001F449D</string>
			<key>isa</key>
			<string>PBXBuildFile</string>
		</dict>
		<key>8E4449401929B38A001F449D</key>
		<dict>
			<key>buildSettings</key>
			<dict>
				<key>ALWAYS_SEARCH_USER_PATHS</key>
				<string>NO</string>
				<key>CLANG_CXX_LANGUAGE_STANDARD</key>
				<string>gnu++0x</string>
				<key>CLANG_CXX_LIBRARY</key>
				<string>libc++</string>
				<key>CLANG_ENABLE_MODULES</key>
				<string>YES</string>
				<key>CLANG_ENABLE_OBJC_ARC</key>
				<string>YES</string>
				<key>CLANG_WARN_BOOL_CONVERSION</key>
				<string>YES</string>
				<key>CLANG_WARN_CONSTANT_CONVERSION</key>
				<string>YES</string>
				<key>CLANG_WARN_DIRECT_OBJC_ISA_USAGE</key>
				<string>YES_ERROR</string>
				<key>CLANG_WARN_EMPTY_BODY</key>
				<string>YES</string>
				<key>CLANG_WARN_ENUM_CONVERSION</key>
				<string>YES</string>
				<key>CLANG_WARN_INT_CONVERSION</key>
				<string>YES</string>
				<key>CLANG_WARN_OBJC_ROOT_CLASS</key>
				<string>YES_ERROR</string>
				<key>CLANG_WARN__DUPLICATE_METHOD_MATCH</key>
				<string>YES</string>
				<key>CODE_SIGN_IDENTITY[sdk=iphoneos*]</key>
				<string>iPhone Developer</string>
				<key>COPY_PHASE_STRIP</key>
				<string>NO</string>
				<key>GCC_C_LANGUAGE_STANDARD</key>
				<string>gnu99</string>
				<key>GCC_DYNAMIC_NO_PIC</key>
				<string>NO</string>
				<key>GCC_OPTIMIZATION_LEVEL</key>
				<string>0</string>
				<key>GCC_PREPROCESSOR_DEFINITIONS</key>
				<array>
					<string>DEBUG=1</string>
					<string>$(inherited)</string>
				</array>
				<key>GCC_SYMBOLS_PRIVATE_EXTERN</key>
				<string>NO</string>
				<key>GCC_WARN_64_TO_32_BIT_CONVERSION</key>
				<string>YES</string>
				<key>GCC_WARN_ABOUT_RETURN_TYPE</key>
				<string>YES_ERROR</string>
				<key>GCC_WARN_UNDECLARED_SELECTOR</key>
				<string>YES</string>
				<key>GCC_WARN_UNINITIALIZED_AUTOS</key>
				<string>YES_AGGRESSIVE</string>
				<key>GCC_WARN_UNUSED_FUNCTION</key>
				<string>YES</string>
				<key>GCC_WARN_UNUSED_VARIABLE</key>
				<string>YES</string>
				<key>IPHONEOS_DEPLOYMENT_TARGET</key>
				<string>7.1</string>
				<key>ONLY_ACTIVE_ARCH</key>
				<string>YES</string>
				<key>SDKROOT</key>
				<string>iphoneos</string>
			</dict>
			<key>isa</key>
			<string>XCBuildConfiguration</string>
			<key>name</key>
			<string>Debug</string>
		</dict>
		<key>8E4449411929B38A001F449D</key>
		<dict>
			<key>buildSettings</key>
			<dict>
				<key>ALWAYS_SEARCH_USER_PATHS</key>
				<string>NO</string>
				<key>CLANG_CXX_LANGUAGE_STANDARD</key>
				<string>gnu++0x</string>
				<key>CLANG_CXX_LIBRARY</key>
				<string>libc++</string>
				<key>CLANG_ENABLE_MODULES</key>
				<string>YES</string>
				<key>CLANG_ENABLE_OBJC_ARC</key>
				<string>YES</string>
				<key>CLANG_WARN_BOOL_CONVERSION</key>
				<string>YES</string>
				<key>CLANG_WARN_CONSTANT_CONVERSION</key>
				<string>YES</string>
				<key>CLANG_WARN_DIRECT_OBJC_ISA_USAGE</key>
				<string>YES_ERROR</string>
				<key>CLANG_WARN_EMPTY_BODY</key>
				<string>YES</string>
				<key>CLANG_WARN_ENUM_CONVERSION</key>
				<string>YES</string>
				<key>CLANG_WARN_INT_CONVERSION</key>
				<string>YES</string>
				<key>CLANG_WARN_OBJC_ROOT_CLASS</key>
				<string>YES_ERROR</string>
				<key>CLANG_WARN__DUPLICATE_METHOD_MATCH</key>
				<string>YES</string>
				<key>CODE_SIGN_IDENTITY[sdk=iphoneos*]</key>
				<string>iPhone Developer</string>
				<key>COPY_PHASE_STRIP</key>
				<string>YES</string>
				<key>ENABLE_NS_ASSERTIONS</key>
				<string>NO</string>
				<key>GCC_C_LANGUAGE_STANDARD</key>
				<string>gnu99</string>
				<key>GCC_WARN_64_TO_32_BIT_CONVERSION</key>
				<string>YES</string>
				<key>GCC_WARN_ABOUT_RETURN_TYPE</key>
				<string>YES_ERROR</string>
				<key>GCC_WARN_UNDECLARED_SELECTOR</key>
				<string>YES</string>
				<key>GCC_WARN_UNINITIALIZED_AUTOS</key>
				<string>YES_AGGRESSIVE</string>
				<key>GCC_WARN_UNUSED_FUNCTION</key>
				<string>YES</string>
				<key>GCC_WARN_UNUSED_VARIABLE</key>
				<string>YES</string>
				<key>IPHONEOS_DEPLOYMENT_TARGET</key>
				<string>7.1</string>
				<key>SDKROOT</key>
				<string>iphoneos</string>
				<key>VALIDATE_PRODUCT</key>
				<string>YES</string>
			</dict>
			<key>isa</key>
			<string>XCBuildConfiguration</string>
			<key>name</key>
			<string>Release</string>
		</dict>
		<key>8E4449421929B38A001F449D</key>
		<dict>
			<key>buildConfigurations</key>
			<array>
				<string>8E4449431929B38A001F449D</string>
				<string>8E4449441929B38A001F449D</string>
			</array>
			<key>defaultConfigurationIsVisible</key>
			<string>0</string>
			<key>defaultConfigurationName</key>
			<string>Release</string>
			<key>isa</key>
			<string>XCConfigurationList</string>
		</dict>
		<key>8E4449431929B38A001F449D</key>
		<dict>
			<key>baseConfigurationReference</key>
			<string>5FCD3509BEC34CB09D609B38</string>
			<key>buildSettings</key>
			<dict>
				<key>ASSETCATALOG_COMPILER_APPICON_NAME</key>
				<string>AppIcon</string>
				<key>ASSETCATALOG_COMPILER_LAUNCHIMAGE_NAME</key>
				<string>LaunchImage</string>
				<key>GCC_PRECOMPILE_PREFIX_HEADER</key>
				<string>YES</string>
				<key>GCC_PREFIX_HEADER</key>
				<string>AFTransformableImageResponseSerializerDemo/AFTransformableImageResponseSerializerDemo-Prefix.pch</string>
				<key>INFOPLIST_FILE</key>
				<string>AFTransformableImageResponseSerializerDemo/AFTransformableImageResponseSerializerDemo-Info.plist</string>
				<key>PRODUCT_NAME</key>
				<string>$(TARGET_NAME)</string>
				<key>WRAPPER_EXTENSION</key>
				<string>app</string>
			</dict>
			<key>isa</key>
			<string>XCBuildConfiguration</string>
			<key>name</key>
			<string>Debug</string>
		</dict>
		<key>8E4449441929B38A001F449D</key>
		<dict>
			<key>baseConfigurationReference</key>
			<string>5FCD3509BEC34CB09D609B38</string>
			<key>buildSettings</key>
			<dict>
				<key>ASSETCATALOG_COMPILER_APPICON_NAME</key>
				<string>AppIcon</string>
				<key>ASSETCATALOG_COMPILER_LAUNCHIMAGE_NAME</key>
				<string>LaunchImage</string>
				<key>GCC_PRECOMPILE_PREFIX_HEADER</key>
				<string>YES</string>
				<key>GCC_PREFIX_HEADER</key>
				<string>AFTransformableImageResponseSerializerDemo/AFTransformableImageResponseSerializerDemo-Prefix.pch</string>
				<key>INFOPLIST_FILE</key>
				<string>AFTransformableImageResponseSerializerDemo/AFTransformableImageResponseSerializerDemo-Info.plist</string>
				<key>PRODUCT_NAME</key>
				<string>$(TARGET_NAME)</string>
				<key>WRAPPER_EXTENSION</key>
				<string>app</string>
			</dict>
			<key>isa</key>
			<string>XCBuildConfiguration</string>
			<key>name</key>
			<string>Release</string>
		</dict>
		<key>8E4449451929B38A001F449D</key>
		<dict>
			<key>buildConfigurations</key>
			<array>
				<string>8E4449461929B38A001F449D</string>
				<string>8E4449471929B38A001F449D</string>
			</array>
			<key>defaultConfigurationIsVisible</key>
			<string>0</string>
			<key>defaultConfigurationName</key>
			<string>Release</string>
			<key>isa</key>
			<string>XCConfigurationList</string>
		</dict>
		<key>8E4449461929B38A001F449D</key>
		<dict>
			<key>buildSettings</key>
			<dict>
				<key>BUNDLE_LOADER</key>
				<string>$(BUILT_PRODUCTS_DIR)/AFTransformableImageResponseSerializerDemo.app/AFTransformableImageResponseSerializerDemo</string>
				<key>FRAMEWORK_SEARCH_PATHS</key>
				<array>
					<string>$(SDKROOT)/Developer/Library/Frameworks</string>
					<string>$(inherited)</string>
					<string>$(DEVELOPER_FRAMEWORKS_DIR)</string>
				</array>
				<key>GCC_PRECOMPILE_PREFIX_HEADER</key>
				<string>YES</string>
				<key>GCC_PREFIX_HEADER</key>
				<string>AFTransformableImageResponseSerializerDemo/AFTransformableImageResponseSerializerDemo-Prefix.pch</string>
				<key>GCC_PREPROCESSOR_DEFINITIONS</key>
				<array>
					<string>DEBUG=1</string>
					<string>$(inherited)</string>
				</array>
				<key>INFOPLIST_FILE</key>
				<string>AFTransformableImageResponseSerializerDemoTests/AFTransformableImageResponseSerializerDemoTests-Info.plist</string>
				<key>PRODUCT_NAME</key>
				<string>$(TARGET_NAME)</string>
				<key>TEST_HOST</key>
				<string>$(BUNDLE_LOADER)</string>
				<key>WRAPPER_EXTENSION</key>
				<string>xctest</string>
			</dict>
			<key>isa</key>
			<string>XCBuildConfiguration</string>
			<key>name</key>
			<string>Debug</string>
		</dict>
		<key>8E4449471929B38A001F449D</key>
		<dict>
			<key>buildSettings</key>
			<dict>
				<key>BUNDLE_LOADER</key>
				<string>$(BUILT_PRODUCTS_DIR)/AFTransformableImageResponseSerializerDemo.app/AFTransformableImageResponseSerializerDemo</string>
				<key>FRAMEWORK_SEARCH_PATHS</key>
				<array>
					<string>$(SDKROOT)/Developer/Library/Frameworks</string>
					<string>$(inherited)</string>
					<string>$(DEVELOPER_FRAMEWORKS_DIR)</string>
				</array>
				<key>GCC_PRECOMPILE_PREFIX_HEADER</key>
				<string>YES</string>
				<key>GCC_PREFIX_HEADER</key>
				<string>AFTransformableImageResponseSerializerDemo/AFTransformableImageResponseSerializerDemo-Prefix.pch</string>
				<key>INFOPLIST_FILE</key>
				<string>AFTransformableImageResponseSerializerDemoTests/AFTransformableImageResponseSerializerDemoTests-Info.plist</string>
				<key>PRODUCT_NAME</key>
				<string>$(TARGET_NAME)</string>
				<key>TEST_HOST</key>
				<string>$(BUNDLE_LOADER)</string>
				<key>WRAPPER_EXTENSION</key>
				<string>xctest</string>
			</dict>
			<key>isa</key>
			<string>XCBuildConfiguration</string>
			<key>name</key>
			<string>Release</string>
		</dict>
		<key>8E4449481929B45D001F449D</key>
		<dict>
			<key>children</key>
			<array>
				<string>8E4449491929B45D001F449D</string>
				<string>8E44494A1929B45D001F449D</string>
				<string>8E44494B1929B45D001F449D</string>
				<string>8E44494C1929B45D001F449D</string>
				<string>8E44494D1929B45D001F449D</string>
				<string>8E44494E1929B45D001F449D</string>
			</array>
			<key>isa</key>
			<string>PBXGroup</string>
			<key>name</key>
			<string>AFTransformableImageResponseSerializer</string>
			<key>path</key>
			<string>../AFTransformableImageResponseSerializer</string>
			<key>sourceTree</key>
			<string>&lt;group&gt;</string>
		</dict>
		<key>8E4449491929B45D001F449D</key>
		<dict>
			<key>fileEncoding</key>
			<string>4</string>
			<key>isa</key>
			<string>PBXFileReference</string>
			<key>lastKnownFileType</key>
			<string>sourcecode.c.h</string>
			<key>path</key>
			<string>AFTransformableImageResponseSerializer.h</string>
			<key>sourceTree</key>
			<string>&lt;group&gt;</string>
		</dict>
		<key>8E44494A1929B45D001F449D</key>
		<dict>
			<key>fileEncoding</key>
			<string>4</string>
			<key>isa</key>
			<string>PBXFileReference</string>
			<key>lastKnownFileType</key>
			<string>sourcecode.c.objc</string>
			<key>path</key>
			<string>AFTransformableImageResponseSerializer.m</string>
			<key>sourceTree</key>
			<string>&lt;group&gt;</string>
		</dict>
		<key>8E44494B1929B45D001F449D</key>
		<dict>
			<key>fileEncoding</key>
			<string>4</string>
			<key>isa</key>
			<string>PBXFileReference</string>
			<key>lastKnownFileType</key>
			<string>sourcecode.c.h</string>
			<key>path</key>
			<string>AFWebImageCache.h</string>
			<key>sourceTree</key>
			<string>&lt;group&gt;</string>
		</dict>
		<key>8E44494C1929B45D001F449D</key>
		<dict>
			<key>fileEncoding</key>
			<string>4</string>
			<key>isa</key>
			<string>PBXFileReference</string>
			<key>lastKnownFileType</key>
			<string>sourcecode.c.objc</string>
			<key>path</key>
			<string>AFWebImageCache.m</string>
			<key>sourceTree</key>
			<string>&lt;group&gt;</string>
		</dict>
		<key>8E44494D1929B45D001F449D</key>
		<dict>
			<key>fileEncoding</key>
			<string>4</string>
			<key>isa</key>
			<string>PBXFileReference</string>
			<key>lastKnownFileType</key>
			<string>sourcecode.c.h</string>
			<key>path</key>
			<string>UIImageView+AFWebImageCache.h</string>
			<key>sourceTree</key>
			<string>&lt;group&gt;</string>
		</dict>
		<key>8E44494E1929B45D001F449D</key>
		<dict>
			<key>fileEncoding</key>
			<string>4</string>
			<key>isa</key>
			<string>PBXFileReference</string>
			<key>lastKnownFileType</key>
			<string>sourcecode.c.objc</string>
			<key>path</key>
			<string>UIImageView+AFWebImageCache.m</string>
			<key>sourceTree</key>
			<string>&lt;group&gt;</string>
		</dict>
		<key>8E44494F1929B45D001F449D</key>
		<dict>
			<key>fileRef</key>
			<string>8E44494A1929B45D001F449D</string>
			<key>isa</key>
			<string>PBXBuildFile</string>
		</dict>
		<key>8E4449501929B45D001F449D</key>
		<dict>
			<key>fileRef</key>
			<string>8E44494C1929B45D001F449D</string>
			<key>isa</key>
			<string>PBXBuildFile</string>
		</dict>
		<key>8E4449511929B45D001F449D</key>
		<dict>
			<key>fileRef</key>
			<string>8E44494E1929B45D001F449D</string>
			<key>isa</key>
			<string>PBXBuildFile</string>
		</dict>
		<key>8E4449521929B4F1001F449D</key>
		<dict>
			<key>children</key>
			<array>
				<string>8E4449531929B4F1001F449D</string>
				<string>8E4449541929B4F1001F449D</string>
				<string>8E4449551929B4F1001F449D</string>
				<string>8E4449561929B4F1001F449D</string>
				<string>8E4449571929B4F1001F449D</string>
				<string>8E4449581929B4F1001F449D</string>
			</array>
			<key>isa</key>
			<string>PBXGroup</string>
			<key>path</key>
			<string>UIImage Categories</string>
			<key>sourceTree</key>
			<string>&lt;group&gt;</string>
		</dict>
		<key>8E4449531929B4F1001F449D</key>
		<dict>
			<key>fileEncoding</key>
			<string>4</string>
			<key>isa</key>
			<string>PBXFileReference</string>
			<key>lastKnownFileType</key>
			<string>sourcecode.c.h</string>
			<key>path</key>
			<string>UIImage+Alpha.h</string>
			<key>sourceTree</key>
			<string>&lt;group&gt;</string>
		</dict>
		<key>8E4449541929B4F1001F449D</key>
		<dict>
			<key>fileEncoding</key>
			<string>4</string>
			<key>isa</key>
			<string>PBXFileReference</string>
			<key>lastKnownFileType</key>
			<string>sourcecode.c.objc</string>
			<key>path</key>
			<string>UIImage+Alpha.m</string>
			<key>sourceTree</key>
			<string>&lt;group&gt;</string>
		</dict>
		<key>8E4449551929B4F1001F449D</key>
		<dict>
			<key>fileEncoding</key>
			<string>4</string>
			<key>isa</key>
			<string>PBXFileReference</string>
			<key>lastKnownFileType</key>
			<string>sourcecode.c.h</string>
			<key>path</key>
			<string>UIImage+Resize.h</string>
			<key>sourceTree</key>
			<string>&lt;group&gt;</string>
		</dict>
		<key>8E4449561929B4F1001F449D</key>
		<dict>
			<key>fileEncoding</key>
			<string>4</string>
			<key>isa</key>
			<string>PBXFileReference</string>
			<key>lastKnownFileType</key>
			<string>sourcecode.c.objc</string>
			<key>path</key>
			<string>UIImage+Resize.m</string>
			<key>sourceTree</key>
			<string>&lt;group&gt;</string>
		</dict>
		<key>8E4449571929B4F1001F449D</key>
		<dict>
			<key>fileEncoding</key>
			<string>4</string>
			<key>isa</key>
			<string>PBXFileReference</string>
			<key>lastKnownFileType</key>
			<string>sourcecode.c.h</string>
			<key>path</key>
			<string>UIImage+RoundedCorner.h</string>
			<key>sourceTree</key>
			<string>&lt;group&gt;</string>
		</dict>
		<key>8E4449581929B4F1001F449D</key>
		<dict>
			<key>fileEncoding</key>
			<string>4</string>
			<key>isa</key>
			<string>PBXFileReference</string>
			<key>lastKnownFileType</key>
			<string>sourcecode.c.objc</string>
			<key>path</key>
			<string>UIImage+RoundedCorner.m</string>
			<key>sourceTree</key>
			<string>&lt;group&gt;</string>
		</dict>
		<key>8E4449591929B4F1001F449D</key>
		<dict>
			<key>fileRef</key>
			<string>8E4449541929B4F1001F449D</string>
			<key>isa</key>
			<string>PBXBuildFile</string>
		</dict>
		<key>8E44495A1929B4F1001F449D</key>
		<dict>
			<key>fileRef</key>
			<string>8E4449561929B4F1001F449D</string>
			<key>isa</key>
			<string>PBXBuildFile</string>
		</dict>
		<key>8E44495B1929B4F1001F449D</key>
		<dict>
			<key>fileRef</key>
			<string>8E4449581929B4F1001F449D</string>
			<key>isa</key>
			<string>PBXBuildFile</string>
		</dict>
		<key>8E44495C1929BC5D001F449D</key>
		<dict>
			<key>fileEncoding</key>
			<string>4</string>
			<key>isa</key>
			<string>PBXFileReference</string>
			<key>lastKnownFileType</key>
			<string>sourcecode.c.h</string>
			<key>path</key>
			<string>MHImageCollectionViewCell.h</string>
			<key>sourceTree</key>
			<string>&lt;group&gt;</string>
		</dict>
		<key>8E44495D1929BC5D001F449D</key>
		<dict>
			<key>fileEncoding</key>
			<string>4</string>
			<key>isa</key>
			<string>PBXFileReference</string>
			<key>lastKnownFileType</key>
			<string>sourcecode.c.objc</string>
			<key>path</key>
			<string>MHImageCollectionViewCell.m</string>
			<key>sourceTree</key>
			<string>&lt;group&gt;</string>
		</dict>
		<key>8E44495E1929BC5D001F449D</key>
		<dict>
			<key>fileRef</key>
			<string>8E44495D1929BC5D001F449D</string>
			<key>isa</key>
			<string>PBXBuildFile</string>
		</dict>
		<key>96D80B2F7AF04540A10EA52C</key>
		<dict>
			<key>buildActionMask</key>
			<string>2147483647</string>
			<key>files</key>
			<array/>
			<key>inputPaths</key>
			<array/>
			<key>isa</key>
			<string>PBXShellScriptBuildPhase</string>
			<key>name</key>
			<string>Copy Pods Resources</string>
			<key>outputPaths</key>
			<array/>
			<key>runOnlyForDeploymentPostprocessing</key>
			<string>0</string>
			<key>shellPath</key>
			<string>/bin/sh</string>
			<key>shellScript</key>
			<string>"${SRCROOT}/Pods/Pods-resources.sh"
</string>
			<key>showEnvVarsInLog</key>
			<string>0</string>
		</dict>
		<key>B9A0C74F31EE4348A9A5652C</key>
		<dict>
			<key>fileRef</key>
			<string>8C33514A37CE4B5CB8749652</string>
			<key>isa</key>
			<string>PBXBuildFile</string>
		</dict>
	</dict>
	<key>rootObject</key>
	<string>8E4449081929B38A001F449D</string>
</dict>
</plist>
